
Microsoft Visual Studio Solution File, Format Version 12.00
# Visual Studio Version 17
VisualStudioVersion = 17.14.36915.13
MinimumVisualStudioVersion = 10.0.40219.1
Project("{FAE04EC0-301F-11D3-BF4B-00C04F79EFBC}") = "CUDA", "CUDA\CUDA.csproj", "{758BAEA4-0FDC-4989-9552-3CA0F1DDFE51}"
EndProject
Global
	GlobalSection(SolutionConfigurationPlatforms) = preSolution
		Debug|Any CPU = Debug|Any CPU
		Debug|x64 = Debug|x64
		Release|Any CPU = Release|Any CPU
		Release|x64 = Release|x64
	EndGlobalSection
	GlobalSection(ProjectConfigurationPlatforms) = postSolution
		{758BAEA4-0FDC-4989-9552-3CA0F1DDFE51}.Debug|Any CPU.ActiveCfg = Debug|Any CPU
		{758BAEA4-0FDC-4989-9552-3CA0F1DDFE51}.Debug|Any CPU.Build.0 = Debug|Any CPU
		{758BAEA4-0FDC-4989-9552-3CA0F1DDFE51}.Debug|x64.ActiveCfg = Debug|x64
		{758BAEA4-0FDC-4989-9552-3CA0F1DDFE51}.Debug|x64.Build.0 = Debug|x64
		{758BAEA4-0FDC-4989-9552-3CA0F1DDFE51}.Release|Any CPU.ActiveCfg = Release|Any CPU
		{758BAEA4-0FDC-4989-9552-3CA0F1DDFE51}.Release|Any CPU.Build.0 = Release|Any CPU
		{758BAEA4-0FDC-4989-9552-3CA0F1DDFE51}.Release|x64.ActiveCfg = Release|x64
		{758BAEA4-0FDC-4989-9552-3CA0F1DDFE51}.Release|x64.Build.0 = Release|x64
	EndGlobalSection
	GlobalSection(SolutionProperties) = preSolution
		HideSolutionNode = FALSE
	EndGlobalSection
	GlobalSection(ExtensibilityGlobals) = postSolution
		SolutionGuid = {E882DD9F-7491-4792-863B-402D404B2921}
	EndGlobalSection
EndGlobal
